{
  "name": "server",
  "lockfileVersion": 3,
  "requires": true,
  "packages": {
    "": {
      "dependencies": {
        "thiltapes-api-node": "file:.."
      }
    },
    "..": {
      "name": "thiltapes-api-node",
      "version": "1.0.0",
      "dependencies": {
        "ejs": "^3.1.10",
        "express": "^4.21.2",
        "express-session": "^1.18.1",
        "multer": "^2.0.2",
        "pg": "^8.13.1"
      },
      "devDependencies": {
        "nodemon": "^3.1.7"
      }
    },
    "node_modules/thiltapes-api-node": {
      "resolved": "..",
      "link": true
    }
  }
}
